
Microsoft Visual Studio Solution File, Format Version 12.00
# Visual Studio Version 17
VisualStudioVersion = 17.3.32901.215
MinimumVisualStudioVersion = 10.0.40219.1
Project("{9A19103F-16F7-4668-BE54-9A1E7A4F7556}") = "BlazorCustomerPage", "BlazorCustomerPage\BlazorCustomerPage.csproj", "{BB997D9A-C776-4A68-A703-96C3184AB6E2}"
EndProject
Project("{9A19103F-16F7-4668-BE54-9A1E7A4F7556}") = "BlazorLibrarianPage", "BlazorLibrarianPage\BlazorLibrarianPage.csproj", "{CBC27518-E6ED-4635-8188-3B0857204D14}"
EndProject
Project("{FAE04EC0-301F-11D3-BF4B-00C04F79EFBC}") = "TestProject", "TestProject\TestProject.csproj", "{F8AD31AD-79DB-4B9D-9CB1-AB17F22C8873}"
EndProject
Global
	GlobalSection(SolutionConfigurationPlatforms) = preSolution
		Debug|Any CPU = Debug|Any CPU
		Release|Any CPU = Release|Any CPU
	EndGlobalSection
	GlobalSection(ProjectConfigurationPlatforms) = postSolution
		{BB997D9A-C776-4A68-A703-96C3184AB6E2}.Debug|Any CPU.ActiveCfg = Debug|Any CPU
		{BB997D9A-C776-4A68-A703-96C3184AB6E2}.Debug|Any CPU.Build.0 = Debug|Any CPU
		{BB997D9A-C776-4A68-A703-96C3184AB6E2}.Release|Any CPU.ActiveCfg = Release|Any CPU
		{BB997D9A-C776-4A68-A703-96C3184AB6E2}.Release|Any CPU.Build.0 = Release|Any CPU
		{CBC27518-E6ED-4635-8188-3B0857204D14}.Debug|Any CPU.ActiveCfg = Debug|Any CPU
		{CBC27518-E6ED-4635-8188-3B0857204D14}.Debug|Any CPU.Build.0 = Debug|Any CPU
		{CBC27518-E6ED-4635-8188-3B0857204D14}.Release|Any CPU.ActiveCfg = Release|Any CPU
		{CBC27518-E6ED-4635-8188-3B0857204D14}.Release|Any CPU.Build.0 = Release|Any CPU
		{F8AD31AD-79DB-4B9D-9CB1-AB17F22C8873}.Debug|Any CPU.ActiveCfg = Debug|Any CPU
		{F8AD31AD-79DB-4B9D-9CB1-AB17F22C8873}.Debug|Any CPU.Build.0 = Debug|Any CPU
		{F8AD31AD-79DB-4B9D-9CB1-AB17F22C8873}.Release|Any CPU.ActiveCfg = Release|Any CPU
		{F8AD31AD-79DB-4B9D-9CB1-AB17F22C8873}.Release|Any CPU.Build.0 = Release|Any CPU
	EndGlobalSection
	GlobalSection(SolutionProperties) = preSolution
		HideSolutionNode = FALSE
	EndGlobalSection
	GlobalSection(ExtensibilityGlobals) = postSolution
		SolutionGuid = {95349A8B-5D14-423A-8C51-899D66611F4A}
	EndGlobalSection
EndGlobal
